
Microsoft Visual Studio Solution File, Format Version 12.00
# Visual Studio Version 17
VisualStudioVersion = 17.0.31919.166
MinimumVisualStudioVersion = 10.0.40219.1
Project("{FAE04EC0-301F-11D3-BF4B-00C04F79EFBC}") = "OpenClose", "OpenClose\OpenClose.csproj", "{71508D57-2D5F-4CE1-9C34-88921BE608F9}"
EndProject
Global
	GlobalSection(SolutionConfigurationPlatforms) = preSolution
		Debug|Any CPU = Debug|Any CPU
		Release|Any CPU = Release|Any CPU
	EndGlobalSection
	GlobalSection(ProjectConfigurationPlatforms) = postSolution
		{71508D57-2D5F-4CE1-9C34-88921BE608F9}.Debug|Any CPU.ActiveCfg = Debug|Any CPU
		{71508D57-2D5F-4CE1-9C34-88921BE608F9}.Debug|Any CPU.Build.0 = Debug|Any CPU
		{71508D57-2D5F-4CE1-9C34-88921BE608F9}.Release|Any CPU.ActiveCfg = Release|Any CPU
		{71508D57-2D5F-4CE1-9C34-88921BE608F9}.Release|Any CPU.Build.0 = Release|Any CPU
	EndGlobalSection
	GlobalSection(SolutionProperties) = preSolution
		HideSolutionNode = FALSE
	EndGlobalSection
	GlobalSection(ExtensibilityGlobals) = postSolution
		SolutionGuid = {34357DE1-5752-4E9F-92F0-DA1B07CAA705}
	EndGlobalSection
EndGlobal
